
Microsoft Visual Studio Solution File, Format Version 12.00
# Visual Studio 15
VisualStudioVersion = 15.0.28010.2003
MinimumVisualStudioVersion = 10.0.40219.1
Project("{FAE04EC0-301F-11D3-BF4B-00C04F79EFBC}") = "Jwt.IoC", "Jwt.IoC\Jwt.IoC.csproj", "{969F79C6-16FC-4E0B-919D-24A500D4E9F0}"
EndProject
Project("{FAE04EC0-301F-11D3-BF4B-00C04F79EFBC}") = "Jwt.Entity", "Jwt.Entity\Jwt.Entity.csproj", "{3B6636CC-C916-45D0-B4AB-6D53630D1AC3}"
EndProject
Project("{FAE04EC0-301F-11D3-BF4B-00C04F79EFBC}") = "Jwt.Common", "Jwt.Common\Jwt.Common.csproj", "{88461447-817A-4490-944B-97D79494C071}"
EndProject
Project("{FAE04EC0-301F-11D3-BF4B-00C04F79EFBC}") = "Jwt.Service.Api", "Jwt.Service.Api\Jwt.Service.Api.csproj", "{9FB05FF5-50E4-4EA3-AAFB-B5FD1D804CF4}"
EndProject
Project("{FAE04EC0-301F-11D3-BF4B-00C04F79EFBC}") = "Jwt.Service", "Jwt.Service\Jwt.Service.csproj", "{5238AAD0-103E-48B2-B19D-00F9630B09B8}"
EndProject
Project("{FAE04EC0-301F-11D3-BF4B-00C04F79EFBC}") = "Jwt.Service.Domain", "Jwt.Service.Domain\Jwt.Service.Domain.csproj", "{EE0C9596-2984-46CA-BE0C-A6A20CF0423B}"
EndProject
Project("{FAE04EC0-301F-11D3-BF4B-00C04F79EFBC}") = "Jwt.Repository", "Jwt.Repository\Jwt.Repository.csproj", "{C92694D1-AA92-45CF-A097-89681192A500}"
EndProject
Project("{FAE04EC0-301F-11D3-BF4B-00C04F79EFBC}") = "Jwt.Api", "Jwt.Api\Jwt.Api.csproj", "{1186DC9D-AF45-406B-80F1-C2B8E04E42BB}"
EndProject
Project("{2150E333-8FDC-42A3-9474-1A3956D46DE8}") = "Application", "Application", "{3C0608B4-4407-45AC-B327-A4B7F120E178}"
EndProject
Project("{2150E333-8FDC-42A3-9474-1A3956D46DE8}") = "Domain", "Domain", "{8050BECC-E884-457B-ABA0-A0B2B77A2C30}"
EndProject
Project("{2150E333-8FDC-42A3-9474-1A3956D46DE8}") = "Common", "Common", "{2128E4E5-C519-4BF1-B614-F2EA9DE3AF09}"
EndProject
Project("{2150E333-8FDC-42A3-9474-1A3956D46DE8}") = "Infrastructure", "Infrastructure", "{07B9C0CD-D0C2-42D9-A6E5-DD68C6B431D4}"
EndProject
Project("{2150E333-8FDC-42A3-9474-1A3956D46DE8}") = "Services", "Services", "{1EF1947F-0074-433B-91DE-4239F05F3040}"
EndProject
Project("{2150E333-8FDC-42A3-9474-1A3956D46DE8}") = "Persistence", "Persistence", "{6F5F88F4-19F8-4AE4-B6BB-14515D2C96AA}"
EndProject
Project("{2150E333-8FDC-42A3-9474-1A3956D46DE8}") = "IoC", "IoC", "{7F410F36-5E70-4FB1-8785-DA49FD3D888E}"
EndProject
Global
	GlobalSection(SolutionConfigurationPlatforms) = preSolution
		Debug|Any CPU = Debug|Any CPU
		Release|Any CPU = Release|Any CPU
	EndGlobalSection
	GlobalSection(ProjectConfigurationPlatforms) = postSolution
		{969F79C6-16FC-4E0B-919D-24A500D4E9F0}.Debug|Any CPU.ActiveCfg = Debug|Any CPU
		{969F79C6-16FC-4E0B-919D-24A500D4E9F0}.Debug|Any CPU.Build.0 = Debug|Any CPU
		{969F79C6-16FC-4E0B-919D-24A500D4E9F0}.Release|Any CPU.ActiveCfg = Release|Any CPU
		{969F79C6-16FC-4E0B-919D-24A500D4E9F0}.Release|Any CPU.Build.0 = Release|Any CPU
		{3B6636CC-C916-45D0-B4AB-6D53630D1AC3}.Debug|Any CPU.ActiveCfg = Debug|Any CPU
		{3B6636CC-C916-45D0-B4AB-6D53630D1AC3}.Debug|Any CPU.Build.0 = Debug|Any CPU
		{3B6636CC-C916-45D0-B4AB-6D53630D1AC3}.Release|Any CPU.ActiveCfg = Release|Any CPU
		{3B6636CC-C916-45D0-B4AB-6D53630D1AC3}.Release|Any CPU.Build.0 = Release|Any CPU
		{88461447-817A-4490-944B-97D79494C071}.Debug|Any CPU.ActiveCfg = Debug|Any CPU
		{88461447-817A-4490-944B-97D79494C071}.Debug|Any CPU.Build.0 = Debug|Any CPU
		{88461447-817A-4490-944B-97D79494C071}.Release|Any CPU.ActiveCfg = Release|Any CPU
		{88461447-817A-4490-944B-97D79494C071}.Release|Any CPU.Build.0 = Release|Any CPU
		{9FB05FF5-50E4-4EA3-AAFB-B5FD1D804CF4}.Debug|Any CPU.ActiveCfg = Debug|Any CPU
		{9FB05FF5-50E4-4EA3-AAFB-B5FD1D804CF4}.Debug|Any CPU.Build.0 = Debug|Any CPU
		{9FB05FF5-50E4-4EA3-AAFB-B5FD1D804CF4}.Release|Any CPU.ActiveCfg = Release|Any CPU
		{9FB05FF5-50E4-4EA3-AAFB-B5FD1D804CF4}.Release|Any CPU.Build.0 = Release|Any CPU
		{5238AAD0-103E-48B2-B19D-00F9630B09B8}.Debug|Any CPU.ActiveCfg = Debug|Any CPU
		{5238AAD0-103E-48B2-B19D-00F9630B09B8}.Debug|Any CPU.Build.0 = Debug|Any CPU
		{5238AAD0-103E-48B2-B19D-00F9630B09B8}.Release|Any CPU.ActiveCfg = Release|Any CPU
		{5238AAD0-103E-48B2-B19D-00F9630B09B8}.Release|Any CPU.Build.0 = Release|Any CPU
		{EE0C9596-2984-46CA-BE0C-A6A20CF0423B}.Debug|Any CPU.ActiveCfg = Debug|Any CPU
		{EE0C9596-2984-46CA-BE0C-A6A20CF0423B}.Debug|Any CPU.Build.0 = Debug|Any CPU
		{EE0C9596-2984-46CA-BE0C-A6A20CF0423B}.Release|Any CPU.ActiveCfg = Release|Any CPU
		{EE0C9596-2984-46CA-BE0C-A6A20CF0423B}.Release|Any CPU.Build.0 = Release|Any CPU
		{C92694D1-AA92-45CF-A097-89681192A500}.Debug|Any CPU.ActiveCfg = Debug|Any CPU
		{C92694D1-AA92-45CF-A097-89681192A500}.Debug|Any CPU.Build.0 = Debug|Any CPU
		{C92694D1-AA92-45CF-A097-89681192A500}.Release|Any CPU.ActiveCfg = Release|Any CPU
		{C92694D1-AA92-45CF-A097-89681192A500}.Release|Any CPU.Build.0 = Release|Any CPU
		{1186DC9D-AF45-406B-80F1-C2B8E04E42BB}.Debug|Any CPU.ActiveCfg = Debug|Any CPU
		{1186DC9D-AF45-406B-80F1-C2B8E04E42BB}.Debug|Any CPU.Build.0 = Debug|Any CPU
		{1186DC9D-AF45-406B-80F1-C2B8E04E42BB}.Release|Any CPU.ActiveCfg = Release|Any CPU
		{1186DC9D-AF45-406B-80F1-C2B8E04E42BB}.Release|Any CPU.Build.0 = Release|Any CPU
	EndGlobalSection
	GlobalSection(SolutionProperties) = preSolution
		HideSolutionNode = FALSE
	EndGlobalSection
	GlobalSection(NestedProjects) = preSolution
		{969F79C6-16FC-4E0B-919D-24A500D4E9F0} = {7F410F36-5E70-4FB1-8785-DA49FD3D888E}
		{3B6636CC-C916-45D0-B4AB-6D53630D1AC3} = {8050BECC-E884-457B-ABA0-A0B2B77A2C30}
		{88461447-817A-4490-944B-97D79494C071} = {2128E4E5-C519-4BF1-B614-F2EA9DE3AF09}
		{9FB05FF5-50E4-4EA3-AAFB-B5FD1D804CF4} = {1EF1947F-0074-433B-91DE-4239F05F3040}
		{5238AAD0-103E-48B2-B19D-00F9630B09B8} = {1EF1947F-0074-433B-91DE-4239F05F3040}
		{EE0C9596-2984-46CA-BE0C-A6A20CF0423B} = {1EF1947F-0074-433B-91DE-4239F05F3040}
		{C92694D1-AA92-45CF-A097-89681192A500} = {6F5F88F4-19F8-4AE4-B6BB-14515D2C96AA}
		{1186DC9D-AF45-406B-80F1-C2B8E04E42BB} = {3C0608B4-4407-45AC-B327-A4B7F120E178}
		{1EF1947F-0074-433B-91DE-4239F05F3040} = {07B9C0CD-D0C2-42D9-A6E5-DD68C6B431D4}
		{6F5F88F4-19F8-4AE4-B6BB-14515D2C96AA} = {07B9C0CD-D0C2-42D9-A6E5-DD68C6B431D4}
		{7F410F36-5E70-4FB1-8785-DA49FD3D888E} = {07B9C0CD-D0C2-42D9-A6E5-DD68C6B431D4}
	EndGlobalSection
	GlobalSection(ExtensibilityGlobals) = postSolution
		SolutionGuid = {B566D8B6-8683-4F2C-9170-178B4474CA2E}
	EndGlobalSection
EndGlobal
